
Microsoft Visual Studio Solution File, Format Version 12.00
Project("{FAE04EC0-301F-11D3-BF4B-00C04F79EFBC}") = "ClickHouseIntro", "ClickHouseIntro\ClickHouseIntro.csproj", "{518C965E-32A8-4C99-9ADC-B8AF5F653885}"
EndProject
Global
	GlobalSection(SolutionConfigurationPlatforms) = preSolution
		Debug|Any CPU = Debug|Any CPU
		Release|Any CPU = Release|Any CPU
	EndGlobalSection
	GlobalSection(ProjectConfigurationPlatforms) = postSolution
		{518C965E-32A8-4C99-9ADC-B8AF5F653885}.Debug|Any CPU.ActiveCfg = Debug|Any CPU
		{518C965E-32A8-4C99-9ADC-B8AF5F653885}.Debug|Any CPU.Build.0 = Debug|Any CPU
		{518C965E-32A8-4C99-9ADC-B8AF5F653885}.Release|Any CPU.ActiveCfg = Release|Any CPU
		{518C965E-32A8-4C99-9ADC-B8AF5F653885}.Release|Any CPU.Build.0 = Release|Any CPU
	EndGlobalSection
EndGlobal
