
Microsoft Visual Studio Solution File, Format Version 12.00
Project("{FAE04EC0-301F-11D3-BF4B-00C04F79EFBC}") = "gRPCtry", "gRPCtry\gRPCtry.csproj", "{B916E7A1-B48D-4D90-99F3-8EC11DE6A514}"
EndProject
Project("{FAE04EC0-301F-11D3-BF4B-00C04F79EFBC}") = "gRPCclient", "gRPCclient\gRPCclient.csproj", "{B31CC492-0BF1-4407-BC1E-EB5D34373169}"
EndProject
Global
	GlobalSection(SolutionConfigurationPlatforms) = preSolution
		Debug|Any CPU = Debug|Any CPU
		Release|Any CPU = Release|Any CPU
	EndGlobalSection
	GlobalSection(ProjectConfigurationPlatforms) = postSolution
		{B916E7A1-B48D-4D90-99F3-8EC11DE6A514}.Debug|Any CPU.ActiveCfg = Debug|Any CPU
		{B916E7A1-B48D-4D90-99F3-8EC11DE6A514}.Debug|Any CPU.Build.0 = Debug|Any CPU
		{B916E7A1-B48D-4D90-99F3-8EC11DE6A514}.Release|Any CPU.ActiveCfg = Release|Any CPU
		{B916E7A1-B48D-4D90-99F3-8EC11DE6A514}.Release|Any CPU.Build.0 = Release|Any CPU
		{B31CC492-0BF1-4407-BC1E-EB5D34373169}.Debug|Any CPU.ActiveCfg = Debug|Any CPU
		{B31CC492-0BF1-4407-BC1E-EB5D34373169}.Debug|Any CPU.Build.0 = Debug|Any CPU
		{B31CC492-0BF1-4407-BC1E-EB5D34373169}.Release|Any CPU.ActiveCfg = Release|Any CPU
		{B31CC492-0BF1-4407-BC1E-EB5D34373169}.Release|Any CPU.Build.0 = Release|Any CPU
	EndGlobalSection
EndGlobal
